// !$*UTF8*$!
{
	archiveVersion = 1;
	classes = {
	};
	objectVersion = 46;
	objects = {

/* Begin PBXBuildFile section */
		F56C63BB1B955AD000D8807D /* AppDelegate.swift in Sources */ = {isa = PBXBuildFile; fileRef = F56C63BA1B955AD000D8807D /* AppDelegate.swift */; };
		F56C63BD1B955AD000D8807D /* ViewController.swift in Sources */ = {isa = PBXBuildFile; fileRef = F56C63BC1B955AD000D8807D /* ViewController.swift */; };
		F56C63C01B955AD000D8807D /* Main.storyboard in Resources */ = {isa = PBXBuildFile; fileRef = F56C63BE1B955AD000D8807D /* Main.storyboard */; };
		F56C63C21B955AD000D8807D /* Images.xcassets in Resources */ = {isa = PBXBuildFile; fileRef = F56C63C11B955AD000D8807D /* Images.xcassets */; };
		F56C63C51B955AD000D8807D /* LaunchScreen.xib in Resources */ = {isa = PBXBuildFile; fileRef = F56C63C31B955AD000D8807D /* LaunchScreen.xib */; };
		F56C63D11B955AD000D8807D /* Table_ViewTests.swift in Sources */ = {isa = PBXBuildFile; fileRef = F56C63D01B955AD000D8807D /* Table_ViewTests.swift */; };
/* End PBXBuildFile section */

/* Begin PBXContainerItemProxy section */
		F56C63CB1B955AD000D8807D /* PBXContainerItemProxy */ = {
			isa = PBXContainerItemProxy;
			containerPortal = F56C63AD1B955AD000D8807D /* Project object */;
			proxyType = 1;
			remoteGlobalIDString = F56C63B41B955AD000D8807D;
			remoteInfo = "Table View";
		};
/* End PBXContainerItemProxy section */

/* Begin PBXFileReference section */
		F56C63B51B955AD000D8807D /* Table View.app */ = {isa = PBXFileReference; explicitFileType = wrapper.application; includeInIndex = 0; path = "Table View.app"; sourceTree = BUILT_PRODUCTS_DIR; };
		F56C63B91B955AD000D8807D /* Info.plist */ = {isa = PBXFileReference; lastKnownFileType = text.plist.xml; path = Info.plist; sourceTree = "<group>"; };
		F56C63BA1B955AD000D8807D /* AppDelegate.swift */ = {isa = PBXFileReference; lastKnownFileType = sourcecode.swift; path = AppDelegate.swift; sourceTree = "<group>"; };
		F56C63BC1B955AD000D8807D /* ViewController.swift */ = {isa = PBXFileReference; lastKnownFileType = sourcecode.swift; path = ViewController.swift; sourceTree = "<group>"; };
		F56C63BF1B955AD000D8807D /* Base */ = {isa = PBXFileReference; lastKnownFileType = file.storyboard; name = Base; path = Base.lproj/Main.storyboard; sourceTree = "<group>"; };
		F56C63C11B955AD000D8807D /* Images.xcassets */ = {isa = PBXFileReference; lastKnownFileType = folder.assetcatalog; path = Images.xcassets; sourceTree = "<group>"; };
		F56C63C41B955AD000D8807D /* Base */ = {isa = PBXFileReference; lastKnownFileType = file.xib; name = Base; path = Base.lproj/LaunchScreen.xib; sourceTree = "<group>"; };
		F56C63CA1B955AD000D8807D /* Table ViewTests.xctest */ = {isa = PBXFileReference; explicitFileType = wrapper.cfbundle; includeInIndex = 0; path = "Table ViewTests.xctest"; sourceTree = BUILT_PRODUCTS_DIR; };
		F56C63CF1B955AD000D8807D /* Info.plist */ = {isa = PBXFileReference; lastKnownFileType = text.plist.xml; path = Info.plist; sourceTree = "<group>"; };
		F56C63D01B955AD000D8807D /* Table_ViewTests.swift */ = {isa = PBXFileReference; lastKnownFileType = sourcecode.swift; path = Table_ViewTests.swift; sourceTree = "<group>"; };
/* End PBXFileReference section */

/* Begin PBXFrameworksBuildPhase section */
		F56C63B21B955AD000D8807D /* Frameworks */ = {
			isa = PBXFrameworksBuildPhase;
			buildActionMask = 2147483647;
			files = (
			);
			runOnlyForDeploymentPostprocessing = 0;
		};
		F56C63C71B955AD000D8807D /* Frameworks */ = {
			isa = PBXFrameworksBuildPhase;
			buildActionMask = 2147483647;
			files = (
			);
			runOnlyForDeploymentPostprocessing = 0;
		};
/* End PBXFrameworksBuildPhase section */

/* Begin PBXGroup section */
		F56C63AC1B955AD000D8807D = {
			isa = PBXGroup;
			children = (
				F56C63B71B955AD000D8807D /* Table View */,
				F56C63CD1B955AD000D8807D /* Table ViewTests */,
				F56C63B61B955AD000D8807D /* Products */,
			);
			sourceTree = "<group>";
		};
		F56C63B61B955AD000D8807D /* Products */ = {
			isa = PBXGroup;
			children = (
				F56C63B51B955AD000D8807D /* Table View.app */,
				F56C63CA1B955AD000D8807D /* Table ViewTests.xctest */,
			);
			name = Products;
			sourceTree = "<group>";
		};
		F56C63B71B955AD000D8807D /* Table View */ = {
			isa = PBXGroup;
			children = (
				F56C63BA1B955AD000D8807D /* AppDelegate.swift */,
				F56C63BC1B955AD000D8807D /* ViewController.swift */,
				F56C63BE1B955AD000D8807D /* Main.storyboard */,
				F56C63C11B955AD000D8807D /* Images.xcassets */,
				F56C63C31B955AD000D8807D /* LaunchScreen.xib */,
				F56C63B81B955AD000D8807D /* Supporting Files */,
			);
			path = "Table View";
			sourceTree = "<group>";
		};
		F56C63B81B955AD000D8807D /* Supporting Files */ = {
			isa = PBXGroup;
			children = (
				F56C63B91B955AD000D8807D /* Info.plist */,
			);
			name = "Supporting Files";
			sourceTree = "<group>";
		};
		F56C63CD1B955AD000D8807D /* Table ViewTests */ = {
			isa = PBXGroup;
			children = (
				F56C63D01B955AD000D8807D /* Table_ViewTests.swift */,
				F56C63CE1B955AD000D8807D /* Supporting Files */,
			);
			path = "Table ViewTests";
			sourceTree = "<group>";
		};
		F56C63CE1B955AD000D8807D /* Supporting Files */ = {
			isa = PBXGroup;
			children = (
				F56C63CF1B955AD000D8807D /* Info.plist */,
			);
			name = "Supporting Files";
			sourceTree = "<group>";
		};
/* End PBXGroup section */

/* Begin PBXNativeTarget section */
		F56C63B41B955AD000D8807D /* Table View */ = {
			isa = PBXNativeTarget;
			buildConfigurationList = F56C63D41B955AD000D8807D /* Build configuration list for PBXNativeTarget "Table View" */;
			buildPhases = (
				F56C63B11B955AD000D8807D /* Sources */,
				F56C63B21B955AD000D8807D /* Frameworks */,
				F56C63B31B955AD000D8807D /* Resources */,
			);
			buildRules = (
			);
			dependencies = (
			);
			name = "Table View";
			productName = "Table View";
			productReference = F56C63B51B955AD000D8807D /* Table View.app */;
			productType = "com.apple.product-type.application";
		};
		F56C63C91B955AD000D8807D /* Table ViewTests */ = {
			isa = PBXNativeTarget;
			buildConfigurationList = F56C63D71B955AD000D8807D /* Build configuration list for PBXNativeTarget "Table ViewTests" */;
			buildPhases = (
				F56C63C61B955AD000D8807D /* Sources */,
				F56C63C71B955AD000D8807D /* Frameworks */,
				F56C63C81B955AD000D8807D /* Resources */,
			);
			buildRules = (
			);
			dependencies = (
				F56C63CC1B955AD000D8807D /* PBXTargetDependency */,
			);
			name = "Table ViewTests";
			productName = "Table ViewTests";
			productReference = F56C63CA1B955AD000D8807D /* Table ViewTests.xctest */;
			productType = "com.apple.product-type.bundle.unit-test";
		};
/* End PBXNativeTarget section */

/* Begin PBXProject section */
		F56C63AD1B955AD000D8807D /* Project object */ = {
			isa = PBXProject;
			attributes = {
				LastUpgradeCheck = 0640;
				ORGANIZATIONNAME = "Ryan Walker";
				TargetAttributes = {
					F56C63B41B955AD000D8807D = {
						CreatedOnToolsVersion = 6.4;
					};
					F56C63C91B955AD000D8807D = {
						CreatedOnToolsVersion = 6.4;
						TestTargetID = F56C63B41B955AD000D8807D;
					};
				};
			};
			buildConfigurationList = F56C63B01B955AD000D8807D /* Build configuration list for PBXProject "Table View" */;
			compatibilityVersion = "Xcode 3.2";
			developmentRegion = English;
			hasScannedForEncodings = 0;
			knownRegions = (
				en,
				Base,
			);
			mainGroup = F56C63AC1B955AD000D8807D;
			productRefGroup = F56C63B61B955AD000D8807D /* Products */;
			projectDirPath = "";
			projectRoot = "";
			targets = (
				F56C63B41B955AD000D8807D /* Table View */,
				F56C63C91B955AD000D8807D /* Table ViewTests */,
			);
		};
/* End PBXProject section */

/* Begin PBXResourcesBuildPhase section */
		F56C63B31B955AD000D8807D /* Resources */ = {
			isa = PBXResourcesBuildPhase;
			buildActionMask = 2147483647;
			files = (
				F56C63C01B955AD000D8807D /* Main.storyboard in Resources */,
				F56C63C51B955AD000D8807D /* LaunchScreen.xib in Resources */,
				F56C63C21B955AD000D8807D /* Images.xcassets in Resources */,
			);
			runOnlyForDeploymentPostprocessing = 0;
		};
		F56C63C81B955AD000D8807D /* Resources */ = {
			isa = PBXResourcesBuildPhase;
			buildActionMask = 2147483647;
			files = (
			);
			runOnlyForDeploymentPostprocessing = 0;
		};
/* End PBXResourcesBuildPhase section */

/* Begin PBXSourcesBuildPhase section */
		F56C63B11B955AD000D8807D /* Sources */ = {
			isa = PBXSourcesBuildPhase;
			buildActionMask = 2147483647;
			files = (
				F56C63BD1B955AD000D8807D /* ViewController.swift in Sources */,
				F56C63BB1B955AD000D8807D /* AppDelegate.swift in Sources */,
			);
			runOnlyForDeploymentPostprocessing = 0;
		};
		F56C63C61B955AD000D8807D /* Sources */ = {
			isa = PBXSourcesBuildPhase;
			buildActionMask = 2147483647;
			files = (
				F56C63D11B955AD000D8807D /* Table_ViewTests.swift in Sources */,
			);
			runOnlyForDeploymentPostprocessing = 0;
		};
/* End PBXSourcesBuildPhase section */

/* Begin PBXTargetDependency section */
		F56C63CC1B955AD000D8807D /* PBXTargetDependency */ = {
			isa = PBXTargetDependency;
			target = F56C63B41B955AD000D8807D /* Table View */;
			targetProxy = F56C63CB1B955AD000D8807D /* PBXContainerItemProxy */;
		};
/* End PBXTargetDependency section */

/* Begin PBXVariantGroup section */
		F56C63BE1B955AD000D8807D /* Main.storyboard */ = {
			isa = PBXVariantGroup;
			children = (
				F56C63BF1B955AD000D8807D /* Base */,
			);
			name = Main.storyboard;
			sourceTree = "<group>";
		};
		F56C63C31B955AD000D8807D /* LaunchScreen.xib */ = {
			isa = PBXVariantGroup;
			children = (
				F56C63C41B955AD000D8807D /* Base */,
			);
			name = LaunchScreen.xib;
			sourceTree = "<group>";
		};
/* End PBXVariantGroup section */

/* Begin XCBuildConfiguration section */
		F56C63D21B955AD000D8807D /* Debug */ = {
			isa = XCBuildConfiguration;
			buildSettings = {
				ALWAYS_SEARCH_USER_PATHS = NO;
				CLANG_CXX_LANGUAGE_STANDARD = "gnu++0x";
				CLANG_CXX_LIBRARY = "libc++";
				CLANG_ENABLE_MODULES = YES;
				CLANG_ENABLE_OBJC_ARC = YES;
				CLANG_WARN_BOOL_CONVERSION = YES;
				CLANG_WARN_CONSTANT_CONVERSION = YES;
				CLANG_WARN_DIRECT_OBJC_ISA_USAGE = YES_ERROR;
				CLANG_WARN_EMPTY_BODY = YES;
				CLANG_WARN_ENUM_CONVERSION = YES;
				CLANG_WARN_INT_CONVERSION = YES;
				CLANG_WARN_OBJC_ROOT_CLASS = YES_ERROR;
				CLANG_WARN_UNREACHABLE_CODE = YES;
				CLANG_WARN__DUPLICATE_METHOD_MATCH = YES;
				"CODE_SIGN_IDENTITY[sdk=iphoneos*]" = "iPhone Developer";
				COPY_PHASE_STRIP = NO;
				DEBUG_INFORMATION_FORMAT = "dwarf-with-dsym";
				ENABLE_STRICT_OBJC_MSGSEND = YES;
				GCC_C_LANGUAGE_STANDARD = gnu99;
				GCC_DYNAMIC_NO_PIC = NO;
				GCC_NO_COMMON_BLOCKS = YES;
				GCC_OPTIMIZATION_LEVEL = 0;
				GCC_PREPROCESSOR_DEFINITIONS = (
					"DEBUG=1",
					"$(inherited)",
				);
				GCC_SYMBOLS_PRIVATE_EXTERN = NO;
				GCC_WARN_64_TO_32_BIT_CONVERSION = YES;
				GCC_WARN_ABOUT_RETURN_TYPE = YES_ERROR;
				GCC_WARN_UNDECLARED_SELECTOR = YES;
				GCC_WARN_UNINITIALIZED_AUTOS = YES_AGGRESSIVE;
				GCC_WARN_UNUSED_FUNCTION = YES;
				GCC_WARN_UNUSED_VARIABLE = YES;
				IPHONEOS_DEPLOYMENT_TARGET = 8.4;
				MTL_ENABLE_DEBUG_INFO = YES;
				ONLY_ACTIVE_ARCH = YES;
				SDKROOT = iphoneos;
				SWIFT_OPTIMIZATION_LEVEL = "-Onone";
			};
			name = Debug;
		};
		F56C63D31B955AD000D8807D /* Release */ = {
			isa = XCBuildConfiguration;
			buildSettings = {
				ALWAYS_SEARCH_USER_PATHS = NO;
				CLANG_CXX_LANGUAGE_STANDARD = "gnu++0x";
				CLANG_CXX_LIBRARY = "libc++";
				CLANG_ENABLE_MODULES = YES;
				CLANG_ENABLE_OBJC_ARC = YES;
				CLANG_WARN_BOOL_CONVERSION = YES;
				CLANG_WARN_CONSTANT_CONVERSION = YES;
				CLANG_WARN_DIRECT_OBJC_ISA_USAGE = YES_ERROR;
				CLANG_WARN_EMPTY_BODY = YES;
				CLANG_WARN_ENUM_CONVERSION = YES;
				CLANG_WARN_INT_CONVERSION = YES;
				CLANG_WARN_OBJC_ROOT_CLASS = YES_ERROR;
				CLANG_WARN_UNREACHABLE_CODE = YES;
				CLANG_WARN__DUPLICATE_METHOD_MATCH = YES;
				"CODE_SIGN_IDENTITY[sdk=iphoneos*]" = "iPhone Developer";
				COPY_PHASE_STRIP = NO;
				DEBUG_INFORMATION_FORMAT = "dwarf-with-dsym";
				ENABLE_NS_ASSERTIONS = NO;
				ENABLE_STRICT_OBJC_MSGSEND = YES;
				GCC_C_LANGUAGE_STANDARD = gnu99;
				GCC_NO_COMMON_BLOCKS = YES;
				GCC_WARN_64_TO_32_BIT_CONVERSION = YES;
				GCC_WARN_ABOUT_RETURN_TYPE = YES_ERROR;
				GCC_WARN_UNDECLARED_SELECTOR = YES;
				GCC_WARN_UNINITIALIZED_AUTOS = YES_AGGRESSIVE;
				GCC_WARN_UNUSED_FUNCTION = YES;
				GCC_WARN_UNUSED_VARIABLE = YES;
				IPHONEOS_DEPLOYMENT_TARGET = 8.4;
				MTL_ENABLE_DEBUG_INFO = NO;
				SDKROOT = iphoneos;
				VALIDATE_PRODUCT = YES;
			};
			name = Release;
		};
		F56C63D51B955AD000D8807D /* Debug */ = {
			isa = XCBuildConfiguration;
			buildSettings = {
				ASSETCATALOG_COMPILER_APPICON_NAME = AppIcon;
				INFOPLIST_FILE = "Table View/Info.plist";
				LD_RUNPATH_SEARCH_PATHS = "$(inherited) @executable_path/Frameworks";
				PRODUCT_NAME = "$(TARGET_NAME)";
			};
			name = Debug;
		};
		F56C63D61B955AD000D8807D /* Release */ = {
			isa = XCBuildConfiguration;
			buildSettings = {
				ASSETCATALOG_COMPILER_APPICON_NAME = AppIcon;
				INFOPLIST_FILE = "Table View/Info.plist";
				LD_RUNPATH_SEARCH_PATHS = "$(inherited) @executable_path/Frameworks";
				PRODUCT_NAME = "$(TARGET_NAME)";
			};
			name = Release;
		};
		F56C63D81B955AD000D8807D /* Debug */ = {
			isa = XCBuildConfiguration;
			buildSettings = {
				BUNDLE_LOADER = "$(TEST_HOST)";
				FRAMEWORK_SEARCH_PATHS = (
					"$(SDKROOT)/Developer/Library/Frameworks",
					"$(inherited)",
				);
				GCC_PREPROCESSOR_DEFINITIONS = (
					"DEBUG=1",
					"$(inherited)",
				);
				INFOPLIST_FILE = "Table ViewTests/Info.plist";
				LD_RUNPATH_SEARCH_PATHS = "$(inherited) @executable_path/Frameworks @loader_path/Frameworks";
				PRODUCT_NAME = "$(TARGET_NAME)";
				TEST_HOST = "$(BUILT_PRODUCTS_DIR)/Table View.app/Table View";
			};
			name = Debug;
		};
		F56C63D91B955AD000D8807D /* Release */ = {
			isa = XCBuildConfiguration;
			buildSettings = {
				BUNDLE_LOADER = "$(TEST_HOST)";
				FRAMEWORK_SEARCH_PATHS = (
					"$(SDKROOT)/Developer/Library/Frameworks",
					"$(inherited)",
				);
				INFOPLIST_FILE = "Table ViewTests/Info.plist";
				LD_RUNPATH_SEARCH_PATHS = "$(inherited) @executable_path/Frameworks @loader_path/Frameworks";
				PRODUCT_NAME = "$(TARGET_NAME)";
				TEST_HOST = "$(BUILT_PRODUCTS_DIR)/Table View.app/Table View";
			};
			name = Release;
		};
/* End XCBuildConfiguration section */

/* Begin XCConfigurationList section */
		F56C63B01B955AD000D8807D /* Build configuration list for PBXProject "Table View" */ = {
			isa = XCConfigurationList;
			buildConfigurations = (
				F56C63D21B955AD000D8807D /* Debug */,
				F56C63D31B955AD000D8807D /* Release */,
			);
			defaultConfigurationIsVisible = 0;
			defaultConfigurationName = Release;
		};
		F56C63D41B955AD000D8807D /* Build configuration list for PBXNativeTarget "Table View" */ = {
			isa = XCConfigurationList;
			buildConfigurations = (
				F56C63D51B955AD000D8807D /* Debug */,
				F56C63D61B955AD000D8807D /* Release */,
			);
			defaultConfigurationIsVisible = 0;
		};
		F56C63D71B955AD000D8807D /* Build configuration list for PBXNativeTarget "Table ViewTests" */ = {
			isa = XCConfigurationList;
			buildConfigurations = (
				F56C63D81B955AD000D8807D /* Debug */,
				F56C63D91B955AD000D8807D /* Release */,
			);
			defaultConfigurationIsVisible = 0;
		};
/* End XCConfigurationList section */
	};
	rootObject = F56C63AD1B955AD000D8807D /* Project object */;
}
