// !$*UTF8*$!
{
	archiveVersion = 1;
	classes = {
	};
	objectVersion = 46;
	objects = {

/* Begin PBXBuildFile section */
		F5FB68AF1C04BCAE008C3A3C /* AppDelegate.swift in Sources */ = {isa = PBXBuildFile; fileRef = F5FB68AE1C04BCAE008C3A3C /* AppDelegate.swift */; };
		F5FB68B11C04BCAE008C3A3C /* ViewController.swift in Sources */ = {isa = PBXBuildFile; fileRef = F5FB68B01C04BCAE008C3A3C /* ViewController.swift */; };
		F5FB68B41C04BCAE008C3A3C /* Main.storyboard in Resources */ = {isa = PBXBuildFile; fileRef = F5FB68B21C04BCAE008C3A3C /* Main.storyboard */; };
		F5FB68B61C04BCAE008C3A3C /* Assets.xcassets in Resources */ = {isa = PBXBuildFile; fileRef = F5FB68B51C04BCAE008C3A3C /* Assets.xcassets */; };
		F5FB68B91C04BCAE008C3A3C /* LaunchScreen.storyboard in Resources */ = {isa = PBXBuildFile; fileRef = F5FB68B71C04BCAE008C3A3C /* LaunchScreen.storyboard */; };
		F5FB68C41C04BCAE008C3A3C /* Working_With_AudioTests.swift in Sources */ = {isa = PBXBuildFile; fileRef = F5FB68C31C04BCAE008C3A3C /* Working_With_AudioTests.swift */; };
		F5FB68CF1C04BCAE008C3A3C /* Working_With_AudioUITests.swift in Sources */ = {isa = PBXBuildFile; fileRef = F5FB68CE1C04BCAE008C3A3C /* Working_With_AudioUITests.swift */; };
		F5FB68DD1C04BCCB008C3A3C /* mp3.mp3 in Resources */ = {isa = PBXBuildFile; fileRef = F5FB68DC1C04BCCB008C3A3C /* mp3.mp3 */; };
/* End PBXBuildFile section */

/* Begin PBXContainerItemProxy section */
		F5FB68C01C04BCAE008C3A3C /* PBXContainerItemProxy */ = {
			isa = PBXContainerItemProxy;
			containerPortal = F5FB68A31C04BCAE008C3A3C /* Project object */;
			proxyType = 1;
			remoteGlobalIDString = F5FB68AA1C04BCAE008C3A3C;
			remoteInfo = "Working With Audio";
		};
		F5FB68CB1C04BCAE008C3A3C /* PBXContainerItemProxy */ = {
			isa = PBXContainerItemProxy;
			containerPortal = F5FB68A31C04BCAE008C3A3C /* Project object */;
			proxyType = 1;
			remoteGlobalIDString = F5FB68AA1C04BCAE008C3A3C;
			remoteInfo = "Working With Audio";
		};
/* End PBXContainerItemProxy section */

/* Begin PBXFileReference section */
		F5FB68AB1C04BCAE008C3A3C /* Working With Audio.app */ = {isa = PBXFileReference; explicitFileType = wrapper.application; includeInIndex = 0; path = "Working With Audio.app"; sourceTree = BUILT_PRODUCTS_DIR; };
		F5FB68AE1C04BCAE008C3A3C /* AppDelegate.swift */ = {isa = PBXFileReference; lastKnownFileType = sourcecode.swift; path = AppDelegate.swift; sourceTree = "<group>"; };
		F5FB68B01C04BCAE008C3A3C /* ViewController.swift */ = {isa = PBXFileReference; lastKnownFileType = sourcecode.swift; path = ViewController.swift; sourceTree = "<group>"; };
		F5FB68B31C04BCAE008C3A3C /* Base */ = {isa = PBXFileReference; lastKnownFileType = file.storyboard; name = Base; path = Base.lproj/Main.storyboard; sourceTree = "<group>"; };
		F5FB68B51C04BCAE008C3A3C /* Assets.xcassets */ = {isa = PBXFileReference; lastKnownFileType = folder.assetcatalog; path = Assets.xcassets; sourceTree = "<group>"; };
		F5FB68B81C04BCAE008C3A3C /* Base */ = {isa = PBXFileReference; lastKnownFileType = file.storyboard; name = Base; path = Base.lproj/LaunchScreen.storyboard; sourceTree = "<group>"; };
		F5FB68BA1C04BCAE008C3A3C /* Info.plist */ = {isa = PBXFileReference; lastKnownFileType = text.plist.xml; path = Info.plist; sourceTree = "<group>"; };
		F5FB68BF1C04BCAE008C3A3C /* Working With AudioTests.xctest */ = {isa = PBXFileReference; explicitFileType = wrapper.cfbundle; includeInIndex = 0; path = "Working With AudioTests.xctest"; sourceTree = BUILT_PRODUCTS_DIR; };
		F5FB68C31C04BCAE008C3A3C /* Working_With_AudioTests.swift */ = {isa = PBXFileReference; lastKnownFileType = sourcecode.swift; path = Working_With_AudioTests.swift; sourceTree = "<group>"; };
		F5FB68C51C04BCAE008C3A3C /* Info.plist */ = {isa = PBXFileReference; lastKnownFileType = text.plist.xml; path = Info.plist; sourceTree = "<group>"; };
		F5FB68CA1C04BCAE008C3A3C /* Working With AudioUITests.xctest */ = {isa = PBXFileReference; explicitFileType = wrapper.cfbundle; includeInIndex = 0; path = "Working With AudioUITests.xctest"; sourceTree = BUILT_PRODUCTS_DIR; };
		F5FB68CE1C04BCAE008C3A3C /* Working_With_AudioUITests.swift */ = {isa = PBXFileReference; lastKnownFileType = sourcecode.swift; path = Working_With_AudioUITests.swift; sourceTree = "<group>"; };
		F5FB68D01C04BCAE008C3A3C /* Info.plist */ = {isa = PBXFileReference; lastKnownFileType = text.plist.xml; path = Info.plist; sourceTree = "<group>"; };
		F5FB68DC1C04BCCB008C3A3C /* mp3.mp3 */ = {isa = PBXFileReference; lastKnownFileType = audio.mp3; path = mp3.mp3; sourceTree = "<group>"; };
/* End PBXFileReference section */

/* Begin PBXFrameworksBuildPhase section */
		F5FB68A81C04BCAE008C3A3C /* Frameworks */ = {
			isa = PBXFrameworksBuildPhase;
			buildActionMask = 2147483647;
			files = (
			);
			runOnlyForDeploymentPostprocessing = 0;
		};
		F5FB68BC1C04BCAE008C3A3C /* Frameworks */ = {
			isa = PBXFrameworksBuildPhase;
			buildActionMask = 2147483647;
			files = (
			);
			runOnlyForDeploymentPostprocessing = 0;
		};
		F5FB68C71C04BCAE008C3A3C /* Frameworks */ = {
			isa = PBXFrameworksBuildPhase;
			buildActionMask = 2147483647;
			files = (
			);
			runOnlyForDeploymentPostprocessing = 0;
		};
/* End PBXFrameworksBuildPhase section */

/* Begin PBXGroup section */
		F5FB68A21C04BCAE008C3A3C = {
			isa = PBXGroup;
			children = (
				F5FB68AD1C04BCAE008C3A3C /* Working With Audio */,
				F5FB68C21C04BCAE008C3A3C /* Working With AudioTests */,
				F5FB68CD1C04BCAE008C3A3C /* Working With AudioUITests */,
				F5FB68AC1C04BCAE008C3A3C /* Products */,
			);
			sourceTree = "<group>";
		};
		F5FB68AC1C04BCAE008C3A3C /* Products */ = {
			isa = PBXGroup;
			children = (
				F5FB68AB1C04BCAE008C3A3C /* Working With Audio.app */,
				F5FB68BF1C04BCAE008C3A3C /* Working With AudioTests.xctest */,
				F5FB68CA1C04BCAE008C3A3C /* Working With AudioUITests.xctest */,
			);
			name = Products;
			sourceTree = "<group>";
		};
		F5FB68AD1C04BCAE008C3A3C /* Working With Audio */ = {
			isa = PBXGroup;
			children = (
				F5FB68AE1C04BCAE008C3A3C /* AppDelegate.swift */,
				F5FB68B01C04BCAE008C3A3C /* ViewController.swift */,
				F5FB68B21C04BCAE008C3A3C /* Main.storyboard */,
				F5FB68B51C04BCAE008C3A3C /* Assets.xcassets */,
				F5FB68DC1C04BCCB008C3A3C /* mp3.mp3 */,
				F5FB68B71C04BCAE008C3A3C /* LaunchScreen.storyboard */,
				F5FB68BA1C04BCAE008C3A3C /* Info.plist */,
			);
			path = "Working With Audio";
			sourceTree = "<group>";
		};
		F5FB68C21C04BCAE008C3A3C /* Working With AudioTests */ = {
			isa = PBXGroup;
			children = (
				F5FB68C31C04BCAE008C3A3C /* Working_With_AudioTests.swift */,
				F5FB68C51C04BCAE008C3A3C /* Info.plist */,
			);
			path = "Working With AudioTests";
			sourceTree = "<group>";
		};
		F5FB68CD1C04BCAE008C3A3C /* Working With AudioUITests */ = {
			isa = PBXGroup;
			children = (
				F5FB68CE1C04BCAE008C3A3C /* Working_With_AudioUITests.swift */,
				F5FB68D01C04BCAE008C3A3C /* Info.plist */,
			);
			path = "Working With AudioUITests";
			sourceTree = "<group>";
		};
/* End PBXGroup section */

/* Begin PBXNativeTarget section */
		F5FB68AA1C04BCAE008C3A3C /* Working With Audio */ = {
			isa = PBXNativeTarget;
			buildConfigurationList = F5FB68D31C04BCAE008C3A3C /* Build configuration list for PBXNativeTarget "Working With Audio" */;
			buildPhases = (
				F5FB68A71C04BCAE008C3A3C /* Sources */,
				F5FB68A81C04BCAE008C3A3C /* Frameworks */,
				F5FB68A91C04BCAE008C3A3C /* Resources */,
			);
			buildRules = (
			);
			dependencies = (
			);
			name = "Working With Audio";
			productName = "Working With Audio";
			productReference = F5FB68AB1C04BCAE008C3A3C /* Working With Audio.app */;
			productType = "com.apple.product-type.application";
		};
		F5FB68BE1C04BCAE008C3A3C /* Working With AudioTests */ = {
			isa = PBXNativeTarget;
			buildConfigurationList = F5FB68D61C04BCAE008C3A3C /* Build configuration list for PBXNativeTarget "Working With AudioTests" */;
			buildPhases = (
				F5FB68BB1C04BCAE008C3A3C /* Sources */,
				F5FB68BC1C04BCAE008C3A3C /* Frameworks */,
				F5FB68BD1C04BCAE008C3A3C /* Resources */,
			);
			buildRules = (
			);
			dependencies = (
				F5FB68C11C04BCAE008C3A3C /* PBXTargetDependency */,
			);
			name = "Working With AudioTests";
			productName = "Working With AudioTests";
			productReference = F5FB68BF1C04BCAE008C3A3C /* Working With AudioTests.xctest */;
			productType = "com.apple.product-type.bundle.unit-test";
		};
		F5FB68C91C04BCAE008C3A3C /* Working With AudioUITests */ = {
			isa = PBXNativeTarget;
			buildConfigurationList = F5FB68D91C04BCAE008C3A3C /* Build configuration list for PBXNativeTarget "Working With AudioUITests" */;
			buildPhases = (
				F5FB68C61C04BCAE008C3A3C /* Sources */,
				F5FB68C71C04BCAE008C3A3C /* Frameworks */,
				F5FB68C81C04BCAE008C3A3C /* Resources */,
			);
			buildRules = (
			);
			dependencies = (
				F5FB68CC1C04BCAE008C3A3C /* PBXTargetDependency */,
			);
			name = "Working With AudioUITests";
			productName = "Working With AudioUITests";
			productReference = F5FB68CA1C04BCAE008C3A3C /* Working With AudioUITests.xctest */;
			productType = "com.apple.product-type.bundle.ui-testing";
		};
/* End PBXNativeTarget section */

/* Begin PBXProject section */
		F5FB68A31C04BCAE008C3A3C /* Project object */ = {
			isa = PBXProject;
			attributes = {
				LastSwiftUpdateCheck = 0710;
				LastUpgradeCheck = 0710;
				ORGANIZATIONNAME = "Ryan Walker";
				TargetAttributes = {
					F5FB68AA1C04BCAE008C3A3C = {
						CreatedOnToolsVersion = 7.1;
						DevelopmentTeam = AEL9Z6F99W;
					};
					F5FB68BE1C04BCAE008C3A3C = {
						CreatedOnToolsVersion = 7.1;
						TestTargetID = F5FB68AA1C04BCAE008C3A3C;
					};
					F5FB68C91C04BCAE008C3A3C = {
						CreatedOnToolsVersion = 7.1;
						TestTargetID = F5FB68AA1C04BCAE008C3A3C;
					};
				};
			};
			buildConfigurationList = F5FB68A61C04BCAE008C3A3C /* Build configuration list for PBXProject "Working With Audio" */;
			compatibilityVersion = "Xcode 3.2";
			developmentRegion = English;
			hasScannedForEncodings = 0;
			knownRegions = (
				en,
				Base,
			);
			mainGroup = F5FB68A21C04BCAE008C3A3C;
			productRefGroup = F5FB68AC1C04BCAE008C3A3C /* Products */;
			projectDirPath = "";
			projectRoot = "";
			targets = (
				F5FB68AA1C04BCAE008C3A3C /* Working With Audio */,
				F5FB68BE1C04BCAE008C3A3C /* Working With AudioTests */,
				F5FB68C91C04BCAE008C3A3C /* Working With AudioUITests */,
			);
		};
/* End PBXProject section */

/* Begin PBXResourcesBuildPhase section */
		F5FB68A91C04BCAE008C3A3C /* Resources */ = {
			isa = PBXResourcesBuildPhase;
			buildActionMask = 2147483647;
			files = (
				F5FB68DD1C04BCCB008C3A3C /* mp3.mp3 in Resources */,
				F5FB68B91C04BCAE008C3A3C /* LaunchScreen.storyboard in Resources */,
				F5FB68B61C04BCAE008C3A3C /* Assets.xcassets in Resources */,
				F5FB68B41C04BCAE008C3A3C /* Main.storyboard in Resources */,
			);
			runOnlyForDeploymentPostprocessing = 0;
		};
		F5FB68BD1C04BCAE008C3A3C /* Resources */ = {
			isa = PBXResourcesBuildPhase;
			buildActionMask = 2147483647;
			files = (
			);
			runOnlyForDeploymentPostprocessing = 0;
		};
		F5FB68C81C04BCAE008C3A3C /* Resources */ = {
			isa = PBXResourcesBuildPhase;
			buildActionMask = 2147483647;
			files = (
			);
			runOnlyForDeploymentPostprocessing = 0;
		};
/* End PBXResourcesBuildPhase section */

/* Begin PBXSourcesBuildPhase section */
		F5FB68A71C04BCAE008C3A3C /* Sources */ = {
			isa = PBXSourcesBuildPhase;
			buildActionMask = 2147483647;
			files = (
				F5FB68B11C04BCAE008C3A3C /* ViewController.swift in Sources */,
				F5FB68AF1C04BCAE008C3A3C /* AppDelegate.swift in Sources */,
			);
			runOnlyForDeploymentPostprocessing = 0;
		};
		F5FB68BB1C04BCAE008C3A3C /* Sources */ = {
			isa = PBXSourcesBuildPhase;
			buildActionMask = 2147483647;
			files = (
				F5FB68C41C04BCAE008C3A3C /* Working_With_AudioTests.swift in Sources */,
			);
			runOnlyForDeploymentPostprocessing = 0;
		};
		F5FB68C61C04BCAE008C3A3C /* Sources */ = {
			isa = PBXSourcesBuildPhase;
			buildActionMask = 2147483647;
			files = (
				F5FB68CF1C04BCAE008C3A3C /* Working_With_AudioUITests.swift in Sources */,
			);
			runOnlyForDeploymentPostprocessing = 0;
		};
/* End PBXSourcesBuildPhase section */

/* Begin PBXTargetDependency section */
		F5FB68C11C04BCAE008C3A3C /* PBXTargetDependency */ = {
			isa = PBXTargetDependency;
			target = F5FB68AA1C04BCAE008C3A3C /* Working With Audio */;
			targetProxy = F5FB68C01C04BCAE008C3A3C /* PBXContainerItemProxy */;
		};
		F5FB68CC1C04BCAE008C3A3C /* PBXTargetDependency */ = {
			isa = PBXTargetDependency;
			target = F5FB68AA1C04BCAE008C3A3C /* Working With Audio */;
			targetProxy = F5FB68CB1C04BCAE008C3A3C /* PBXContainerItemProxy */;
		};
/* End PBXTargetDependency section */

/* Begin PBXVariantGroup section */
		F5FB68B21C04BCAE008C3A3C /* Main.storyboard */ = {
			isa = PBXVariantGroup;
			children = (
				F5FB68B31C04BCAE008C3A3C /* Base */,
			);
			name = Main.storyboard;
			sourceTree = "<group>";
		};
		F5FB68B71C04BCAE008C3A3C /* LaunchScreen.storyboard */ = {
			isa = PBXVariantGroup;
			children = (
				F5FB68B81C04BCAE008C3A3C /* Base */,
			);
			name = LaunchScreen.storyboard;
			sourceTree = "<group>";
		};
/* End PBXVariantGroup section */

/* Begin XCBuildConfiguration section */
		F5FB68D11C04BCAE008C3A3C /* Debug */ = {
			isa = XCBuildConfiguration;
			buildSettings = {
				ALWAYS_SEARCH_USER_PATHS = NO;
				CLANG_CXX_LANGUAGE_STANDARD = "gnu++0x";
				CLANG_CXX_LIBRARY = "libc++";
				CLANG_ENABLE_MODULES = YES;
				CLANG_ENABLE_OBJC_ARC = YES;
				CLANG_WARN_BOOL_CONVERSION = YES;
				CLANG_WARN_CONSTANT_CONVERSION = YES;
				CLANG_WARN_DIRECT_OBJC_ISA_USAGE = YES_ERROR;
				CLANG_WARN_EMPTY_BODY = YES;
				CLANG_WARN_ENUM_CONVERSION = YES;
				CLANG_WARN_INT_CONVERSION = YES;
				CLANG_WARN_OBJC_ROOT_CLASS = YES_ERROR;
				CLANG_WARN_UNREACHABLE_CODE = YES;
				CLANG_WARN__DUPLICATE_METHOD_MATCH = YES;
				"CODE_SIGN_IDENTITY[sdk=iphoneos*]" = "iPhone Developer";
				COPY_PHASE_STRIP = NO;
				DEBUG_INFORMATION_FORMAT = dwarf;
				ENABLE_STRICT_OBJC_MSGSEND = YES;
				ENABLE_TESTABILITY = YES;
				GCC_C_LANGUAGE_STANDARD = gnu99;
				GCC_DYNAMIC_NO_PIC = NO;
				GCC_NO_COMMON_BLOCKS = YES;
				GCC_OPTIMIZATION_LEVEL = 0;
				GCC_PREPROCESSOR_DEFINITIONS = (
					"DEBUG=1",
					"$(inherited)",
				);
				GCC_WARN_64_TO_32_BIT_CONVERSION = YES;
				GCC_WARN_ABOUT_RETURN_TYPE = YES_ERROR;
				GCC_WARN_UNDECLARED_SELECTOR = YES;
				GCC_WARN_UNINITIALIZED_AUTOS = YES_AGGRESSIVE;
				GCC_WARN_UNUSED_FUNCTION = YES;
				GCC_WARN_UNUSED_VARIABLE = YES;
				IPHONEOS_DEPLOYMENT_TARGET = 9.1;
				MTL_ENABLE_DEBUG_INFO = YES;
				ONLY_ACTIVE_ARCH = YES;
				SDKROOT = iphoneos;
				SWIFT_OPTIMIZATION_LEVEL = "-Onone";
			};
			name = Debug;
		};
		F5FB68D21C04BCAE008C3A3C /* Release */ = {
			isa = XCBuildConfiguration;
			buildSettings = {
				ALWAYS_SEARCH_USER_PATHS = NO;
				CLANG_CXX_LANGUAGE_STANDARD = "gnu++0x";
				CLANG_CXX_LIBRARY = "libc++";
				CLANG_ENABLE_MODULES = YES;
				CLANG_ENABLE_OBJC_ARC = YES;
				CLANG_WARN_BOOL_CONVERSION = YES;
				CLANG_WARN_CONSTANT_CONVERSION = YES;
				CLANG_WARN_DIRECT_OBJC_ISA_USAGE = YES_ERROR;
				CLANG_WARN_EMPTY_BODY = YES;
				CLANG_WARN_ENUM_CONVERSION = YES;
				CLANG_WARN_INT_CONVERSION = YES;
				CLANG_WARN_OBJC_ROOT_CLASS = YES_ERROR;
				CLANG_WARN_UNREACHABLE_CODE = YES;
				CLANG_WARN__DUPLICATE_METHOD_MATCH = YES;
				"CODE_SIGN_IDENTITY[sdk=iphoneos*]" = "iPhone Developer";
				COPY_PHASE_STRIP = NO;
				DEBUG_INFORMATION_FORMAT = "dwarf-with-dsym";
				ENABLE_NS_ASSERTIONS = NO;
				ENABLE_STRICT_OBJC_MSGSEND = YES;
				GCC_C_LANGUAGE_STANDARD = gnu99;
				GCC_NO_COMMON_BLOCKS = YES;
				GCC_WARN_64_TO_32_BIT_CONVERSION = YES;
				GCC_WARN_ABOUT_RETURN_TYPE = YES_ERROR;
				GCC_WARN_UNDECLARED_SELECTOR = YES;
				GCC_WARN_UNINITIALIZED_AUTOS = YES_AGGRESSIVE;
				GCC_WARN_UNUSED_FUNCTION = YES;
				GCC_WARN_UNUSED_VARIABLE = YES;
				IPHONEOS_DEPLOYMENT_TARGET = 9.1;
				MTL_ENABLE_DEBUG_INFO = NO;
				SDKROOT = iphoneos;
				VALIDATE_PRODUCT = YES;
			};
			name = Release;
		};
		F5FB68D41C04BCAE008C3A3C /* Debug */ = {
			isa = XCBuildConfiguration;
			buildSettings = {
				ASSETCATALOG_COMPILER_APPICON_NAME = AppIcon;
				CODE_SIGN_IDENTITY = "iPhone Developer";
				"CODE_SIGN_IDENTITY[sdk=iphoneos*]" = "iPhone Developer";
				INFOPLIST_FILE = "Working With Audio/Info.plist";
				LD_RUNPATH_SEARCH_PATHS = "$(inherited) @executable_path/Frameworks";
				PRODUCT_BUNDLE_IDENTIFIER = "com.walker.Working-With-Audio";
				PRODUCT_NAME = "$(TARGET_NAME)";
				PROVISIONING_PROFILE = "";
			};
			name = Debug;
		};
		F5FB68D51C04BCAE008C3A3C /* Release */ = {
			isa = XCBuildConfiguration;
			buildSettings = {
				ASSETCATALOG_COMPILER_APPICON_NAME = AppIcon;
				CODE_SIGN_IDENTITY = "iPhone Developer";
				"CODE_SIGN_IDENTITY[sdk=iphoneos*]" = "iPhone Developer";
				INFOPLIST_FILE = "Working With Audio/Info.plist";
				LD_RUNPATH_SEARCH_PATHS = "$(inherited) @executable_path/Frameworks";
				PRODUCT_BUNDLE_IDENTIFIER = "com.walker.Working-With-Audio";
				PRODUCT_NAME = "$(TARGET_NAME)";
				PROVISIONING_PROFILE = "";
			};
			name = Release;
		};
		F5FB68D71C04BCAE008C3A3C /* Debug */ = {
			isa = XCBuildConfiguration;
			buildSettings = {
				BUNDLE_LOADER = "$(TEST_HOST)";
				INFOPLIST_FILE = "Working With AudioTests/Info.plist";
				LD_RUNPATH_SEARCH_PATHS = "$(inherited) @executable_path/Frameworks @loader_path/Frameworks";
				PRODUCT_BUNDLE_IDENTIFIER = "com.walker.Working-With-AudioTests";
				PRODUCT_NAME = "$(TARGET_NAME)";
				TEST_HOST = "$(BUILT_PRODUCTS_DIR)/Working With Audio.app/Working With Audio";
			};
			name = Debug;
		};
		F5FB68D81C04BCAE008C3A3C /* Release */ = {
			isa = XCBuildConfiguration;
			buildSettings = {
				BUNDLE_LOADER = "$(TEST_HOST)";
				INFOPLIST_FILE = "Working With AudioTests/Info.plist";
				LD_RUNPATH_SEARCH_PATHS = "$(inherited) @executable_path/Frameworks @loader_path/Frameworks";
				PRODUCT_BUNDLE_IDENTIFIER = "com.walker.Working-With-AudioTests";
				PRODUCT_NAME = "$(TARGET_NAME)";
				TEST_HOST = "$(BUILT_PRODUCTS_DIR)/Working With Audio.app/Working With Audio";
			};
			name = Release;
		};
		F5FB68DA1C04BCAE008C3A3C /* Debug */ = {
			isa = XCBuildConfiguration;
			buildSettings = {
				INFOPLIST_FILE = "Working With AudioUITests/Info.plist";
				LD_RUNPATH_SEARCH_PATHS = "$(inherited) @executable_path/Frameworks @loader_path/Frameworks";
				PRODUCT_BUNDLE_IDENTIFIER = "com.walker.Working-With-AudioUITests";
				PRODUCT_NAME = "$(TARGET_NAME)";
				TEST_TARGET_NAME = "Working With Audio";
				USES_XCTRUNNER = YES;
			};
			name = Debug;
		};
		F5FB68DB1C04BCAE008C3A3C /* Release */ = {
			isa = XCBuildConfiguration;
			buildSettings = {
				INFOPLIST_FILE = "Working With AudioUITests/Info.plist";
				LD_RUNPATH_SEARCH_PATHS = "$(inherited) @executable_path/Frameworks @loader_path/Frameworks";
				PRODUCT_BUNDLE_IDENTIFIER = "com.walker.Working-With-AudioUITests";
				PRODUCT_NAME = "$(TARGET_NAME)";
				TEST_TARGET_NAME = "Working With Audio";
				USES_XCTRUNNER = YES;
			};
			name = Release;
		};
/* End XCBuildConfiguration section */

/* Begin XCConfigurationList section */
		F5FB68A61C04BCAE008C3A3C /* Build configuration list for PBXProject "Working With Audio" */ = {
			isa = XCConfigurationList;
			buildConfigurations = (
				F5FB68D11C04BCAE008C3A3C /* Debug */,
				F5FB68D21C04BCAE008C3A3C /* Release */,
			);
			defaultConfigurationIsVisible = 0;
			defaultConfigurationName = Release;
		};
		F5FB68D31C04BCAE008C3A3C /* Build configuration list for PBXNativeTarget "Working With Audio" */ = {
			isa = XCConfigurationList;
			buildConfigurations = (
				F5FB68D41C04BCAE008C3A3C /* Debug */,
				F5FB68D51C04BCAE008C3A3C /* Release */,
			);
			defaultConfigurationIsVisible = 0;
		};
		F5FB68D61C04BCAE008C3A3C /* Build configuration list for PBXNativeTarget "Working With AudioTests" */ = {
			isa = XCConfigurationList;
			buildConfigurations = (
				F5FB68D71C04BCAE008C3A3C /* Debug */,
				F5FB68D81C04BCAE008C3A3C /* Release */,
			);
			defaultConfigurationIsVisible = 0;
		};
		F5FB68D91C04BCAE008C3A3C /* Build configuration list for PBXNativeTarget "Working With AudioUITests" */ = {
			isa = XCConfigurationList;
			buildConfigurations = (
				F5FB68DA1C04BCAE008C3A3C /* Debug */,
				F5FB68DB1C04BCAE008C3A3C /* Release */,
			);
			defaultConfigurationIsVisible = 0;
		};
/* End XCConfigurationList section */
	};
	rootObject = F5FB68A31C04BCAE008C3A3C /* Project object */;
}
