// !$*UTF8*$!
{
	archiveVersion = 1;
	classes = {
	};
	objectVersion = 46;
	objects = {

/* Begin PBXBuildFile section */
		F55184201B9E67B1005F5452 /* sun.jpg in Resources */ = {isa = PBXBuildFile; fileRef = F551841F1B9E67B1005F5452 /* sun.jpg */; };
		F585537D1B994951002DBF43 /* AppDelegate.swift in Sources */ = {isa = PBXBuildFile; fileRef = F585537C1B994951002DBF43 /* AppDelegate.swift */; };
		F585537F1B994951002DBF43 /* ViewController.swift in Sources */ = {isa = PBXBuildFile; fileRef = F585537E1B994951002DBF43 /* ViewController.swift */; };
		F58553821B994951002DBF43 /* Main.storyboard in Resources */ = {isa = PBXBuildFile; fileRef = F58553801B994951002DBF43 /* Main.storyboard */; };
		F58553841B994951002DBF43 /* Images.xcassets in Resources */ = {isa = PBXBuildFile; fileRef = F58553831B994951002DBF43 /* Images.xcassets */; };
		F58553871B994951002DBF43 /* LaunchScreen.xib in Resources */ = {isa = PBXBuildFile; fileRef = F58553851B994951002DBF43 /* LaunchScreen.xib */; };
		F58553931B994951002DBF43 /* Control_KeyboardTests.swift in Sources */ = {isa = PBXBuildFile; fileRef = F58553921B994951002DBF43 /* Control_KeyboardTests.swift */; };
/* End PBXBuildFile section */

/* Begin PBXContainerItemProxy section */
		F585538D1B994951002DBF43 /* PBXContainerItemProxy */ = {
			isa = PBXContainerItemProxy;
			containerPortal = F585536F1B994951002DBF43 /* Project object */;
			proxyType = 1;
			remoteGlobalIDString = F58553761B994951002DBF43;
			remoteInfo = "Control Keyboard";
		};
/* End PBXContainerItemProxy section */

/* Begin PBXFileReference section */
		F551841F1B9E67B1005F5452 /* sun.jpg */ = {isa = PBXFileReference; lastKnownFileType = image.jpeg; path = sun.jpg; sourceTree = "<group>"; };
		F58553771B994951002DBF43 /* Control Keyboard.app */ = {isa = PBXFileReference; explicitFileType = wrapper.application; includeInIndex = 0; path = "Control Keyboard.app"; sourceTree = BUILT_PRODUCTS_DIR; };
		F585537B1B994951002DBF43 /* Info.plist */ = {isa = PBXFileReference; lastKnownFileType = text.plist.xml; path = Info.plist; sourceTree = "<group>"; };
		F585537C1B994951002DBF43 /* AppDelegate.swift */ = {isa = PBXFileReference; lastKnownFileType = sourcecode.swift; path = AppDelegate.swift; sourceTree = "<group>"; };
		F585537E1B994951002DBF43 /* ViewController.swift */ = {isa = PBXFileReference; lastKnownFileType = sourcecode.swift; path = ViewController.swift; sourceTree = "<group>"; };
		F58553811B994951002DBF43 /* Base */ = {isa = PBXFileReference; lastKnownFileType = file.storyboard; name = Base; path = Base.lproj/Main.storyboard; sourceTree = "<group>"; };
		F58553831B994951002DBF43 /* Images.xcassets */ = {isa = PBXFileReference; lastKnownFileType = folder.assetcatalog; path = Images.xcassets; sourceTree = "<group>"; };
		F58553861B994951002DBF43 /* Base */ = {isa = PBXFileReference; lastKnownFileType = file.xib; name = Base; path = Base.lproj/LaunchScreen.xib; sourceTree = "<group>"; };
		F585538C1B994951002DBF43 /* Control KeyboardTests.xctest */ = {isa = PBXFileReference; explicitFileType = wrapper.cfbundle; includeInIndex = 0; path = "Control KeyboardTests.xctest"; sourceTree = BUILT_PRODUCTS_DIR; };
		F58553911B994951002DBF43 /* Info.plist */ = {isa = PBXFileReference; lastKnownFileType = text.plist.xml; path = Info.plist; sourceTree = "<group>"; };
		F58553921B994951002DBF43 /* Control_KeyboardTests.swift */ = {isa = PBXFileReference; lastKnownFileType = sourcecode.swift; path = Control_KeyboardTests.swift; sourceTree = "<group>"; };
/* End PBXFileReference section */

/* Begin PBXFrameworksBuildPhase section */
		F58553741B994951002DBF43 /* Frameworks */ = {
			isa = PBXFrameworksBuildPhase;
			buildActionMask = 2147483647;
			files = (
			);
			runOnlyForDeploymentPostprocessing = 0;
		};
		F58553891B994951002DBF43 /* Frameworks */ = {
			isa = PBXFrameworksBuildPhase;
			buildActionMask = 2147483647;
			files = (
			);
			runOnlyForDeploymentPostprocessing = 0;
		};
/* End PBXFrameworksBuildPhase section */

/* Begin PBXGroup section */
		F585536E1B994951002DBF43 = {
			isa = PBXGroup;
			children = (
				F58553791B994951002DBF43 /* Control Keyboard */,
				F585538F1B994951002DBF43 /* Control KeyboardTests */,
				F58553781B994951002DBF43 /* Products */,
			);
			sourceTree = "<group>";
		};
		F58553781B994951002DBF43 /* Products */ = {
			isa = PBXGroup;
			children = (
				F58553771B994951002DBF43 /* Control Keyboard.app */,
				F585538C1B994951002DBF43 /* Control KeyboardTests.xctest */,
			);
			name = Products;
			sourceTree = "<group>";
		};
		F58553791B994951002DBF43 /* Control Keyboard */ = {
			isa = PBXGroup;
			children = (
				F551841F1B9E67B1005F5452 /* sun.jpg */,
				F585537C1B994951002DBF43 /* AppDelegate.swift */,
				F585537E1B994951002DBF43 /* ViewController.swift */,
				F58553801B994951002DBF43 /* Main.storyboard */,
				F58553831B994951002DBF43 /* Images.xcassets */,
				F58553851B994951002DBF43 /* LaunchScreen.xib */,
				F585537A1B994951002DBF43 /* Supporting Files */,
			);
			path = "Control Keyboard";
			sourceTree = "<group>";
		};
		F585537A1B994951002DBF43 /* Supporting Files */ = {
			isa = PBXGroup;
			children = (
				F585537B1B994951002DBF43 /* Info.plist */,
			);
			name = "Supporting Files";
			sourceTree = "<group>";
		};
		F585538F1B994951002DBF43 /* Control KeyboardTests */ = {
			isa = PBXGroup;
			children = (
				F58553921B994951002DBF43 /* Control_KeyboardTests.swift */,
				F58553901B994951002DBF43 /* Supporting Files */,
			);
			path = "Control KeyboardTests";
			sourceTree = "<group>";
		};
		F58553901B994951002DBF43 /* Supporting Files */ = {
			isa = PBXGroup;
			children = (
				F58553911B994951002DBF43 /* Info.plist */,
			);
			name = "Supporting Files";
			sourceTree = "<group>";
		};
/* End PBXGroup section */

/* Begin PBXNativeTarget section */
		F58553761B994951002DBF43 /* Control Keyboard */ = {
			isa = PBXNativeTarget;
			buildConfigurationList = F58553961B994951002DBF43 /* Build configuration list for PBXNativeTarget "Control Keyboard" */;
			buildPhases = (
				F58553731B994951002DBF43 /* Sources */,
				F58553741B994951002DBF43 /* Frameworks */,
				F58553751B994951002DBF43 /* Resources */,
			);
			buildRules = (
			);
			dependencies = (
			);
			name = "Control Keyboard";
			productName = "Control Keyboard";
			productReference = F58553771B994951002DBF43 /* Control Keyboard.app */;
			productType = "com.apple.product-type.application";
		};
		F585538B1B994951002DBF43 /* Control KeyboardTests */ = {
			isa = PBXNativeTarget;
			buildConfigurationList = F58553991B994951002DBF43 /* Build configuration list for PBXNativeTarget "Control KeyboardTests" */;
			buildPhases = (
				F58553881B994951002DBF43 /* Sources */,
				F58553891B994951002DBF43 /* Frameworks */,
				F585538A1B994951002DBF43 /* Resources */,
			);
			buildRules = (
			);
			dependencies = (
				F585538E1B994951002DBF43 /* PBXTargetDependency */,
			);
			name = "Control KeyboardTests";
			productName = "Control KeyboardTests";
			productReference = F585538C1B994951002DBF43 /* Control KeyboardTests.xctest */;
			productType = "com.apple.product-type.bundle.unit-test";
		};
/* End PBXNativeTarget section */

/* Begin PBXProject section */
		F585536F1B994951002DBF43 /* Project object */ = {
			isa = PBXProject;
			attributes = {
				LastUpgradeCheck = 0640;
				ORGANIZATIONNAME = "Ryan Walker";
				TargetAttributes = {
					F58553761B994951002DBF43 = {
						CreatedOnToolsVersion = 6.4;
					};
					F585538B1B994951002DBF43 = {
						CreatedOnToolsVersion = 6.4;
						TestTargetID = F58553761B994951002DBF43;
					};
				};
			};
			buildConfigurationList = F58553721B994951002DBF43 /* Build configuration list for PBXProject "Control Keyboard" */;
			compatibilityVersion = "Xcode 3.2";
			developmentRegion = English;
			hasScannedForEncodings = 0;
			knownRegions = (
				en,
				Base,
			);
			mainGroup = F585536E1B994951002DBF43;
			productRefGroup = F58553781B994951002DBF43 /* Products */;
			projectDirPath = "";
			projectRoot = "";
			targets = (
				F58553761B994951002DBF43 /* Control Keyboard */,
				F585538B1B994951002DBF43 /* Control KeyboardTests */,
			);
		};
/* End PBXProject section */

/* Begin PBXResourcesBuildPhase section */
		F58553751B994951002DBF43 /* Resources */ = {
			isa = PBXResourcesBuildPhase;
			buildActionMask = 2147483647;
			files = (
				F55184201B9E67B1005F5452 /* sun.jpg in Resources */,
				F58553821B994951002DBF43 /* Main.storyboard in Resources */,
				F58553871B994951002DBF43 /* LaunchScreen.xib in Resources */,
				F58553841B994951002DBF43 /* Images.xcassets in Resources */,
			);
			runOnlyForDeploymentPostprocessing = 0;
		};
		F585538A1B994951002DBF43 /* Resources */ = {
			isa = PBXResourcesBuildPhase;
			buildActionMask = 2147483647;
			files = (
			);
			runOnlyForDeploymentPostprocessing = 0;
		};
/* End PBXResourcesBuildPhase section */

/* Begin PBXSourcesBuildPhase section */
		F58553731B994951002DBF43 /* Sources */ = {
			isa = PBXSourcesBuildPhase;
			buildActionMask = 2147483647;
			files = (
				F585537F1B994951002DBF43 /* ViewController.swift in Sources */,
				F585537D1B994951002DBF43 /* AppDelegate.swift in Sources */,
			);
			runOnlyForDeploymentPostprocessing = 0;
		};
		F58553881B994951002DBF43 /* Sources */ = {
			isa = PBXSourcesBuildPhase;
			buildActionMask = 2147483647;
			files = (
				F58553931B994951002DBF43 /* Control_KeyboardTests.swift in Sources */,
			);
			runOnlyForDeploymentPostprocessing = 0;
		};
/* End PBXSourcesBuildPhase section */

/* Begin PBXTargetDependency section */
		F585538E1B994951002DBF43 /* PBXTargetDependency */ = {
			isa = PBXTargetDependency;
			target = F58553761B994951002DBF43 /* Control Keyboard */;
			targetProxy = F585538D1B994951002DBF43 /* PBXContainerItemProxy */;
		};
/* End PBXTargetDependency section */

/* Begin PBXVariantGroup section */
		F58553801B994951002DBF43 /* Main.storyboard */ = {
			isa = PBXVariantGroup;
			children = (
				F58553811B994951002DBF43 /* Base */,
			);
			name = Main.storyboard;
			sourceTree = "<group>";
		};
		F58553851B994951002DBF43 /* LaunchScreen.xib */ = {
			isa = PBXVariantGroup;
			children = (
				F58553861B994951002DBF43 /* Base */,
			);
			name = LaunchScreen.xib;
			sourceTree = "<group>";
		};
/* End PBXVariantGroup section */

/* Begin XCBuildConfiguration section */
		F58553941B994951002DBF43 /* Debug */ = {
			isa = XCBuildConfiguration;
			buildSettings = {
				ALWAYS_SEARCH_USER_PATHS = NO;
				CLANG_CXX_LANGUAGE_STANDARD = "gnu++0x";
				CLANG_CXX_LIBRARY = "libc++";
				CLANG_ENABLE_MODULES = YES;
				CLANG_ENABLE_OBJC_ARC = YES;
				CLANG_WARN_BOOL_CONVERSION = YES;
				CLANG_WARN_CONSTANT_CONVERSION = YES;
				CLANG_WARN_DIRECT_OBJC_ISA_USAGE = YES_ERROR;
				CLANG_WARN_EMPTY_BODY = YES;
				CLANG_WARN_ENUM_CONVERSION = YES;
				CLANG_WARN_INT_CONVERSION = YES;
				CLANG_WARN_OBJC_ROOT_CLASS = YES_ERROR;
				CLANG_WARN_UNREACHABLE_CODE = YES;
				CLANG_WARN__DUPLICATE_METHOD_MATCH = YES;
				"CODE_SIGN_IDENTITY[sdk=iphoneos*]" = "iPhone Developer";
				COPY_PHASE_STRIP = NO;
				DEBUG_INFORMATION_FORMAT = "dwarf-with-dsym";
				ENABLE_STRICT_OBJC_MSGSEND = YES;
				GCC_C_LANGUAGE_STANDARD = gnu99;
				GCC_DYNAMIC_NO_PIC = NO;
				GCC_NO_COMMON_BLOCKS = YES;
				GCC_OPTIMIZATION_LEVEL = 0;
				GCC_PREPROCESSOR_DEFINITIONS = (
					"DEBUG=1",
					"$(inherited)",
				);
				GCC_SYMBOLS_PRIVATE_EXTERN = NO;
				GCC_WARN_64_TO_32_BIT_CONVERSION = YES;
				GCC_WARN_ABOUT_RETURN_TYPE = YES_ERROR;
				GCC_WARN_UNDECLARED_SELECTOR = YES;
				GCC_WARN_UNINITIALIZED_AUTOS = YES_AGGRESSIVE;
				GCC_WARN_UNUSED_FUNCTION = YES;
				GCC_WARN_UNUSED_VARIABLE = YES;
				IPHONEOS_DEPLOYMENT_TARGET = 8.4;
				MTL_ENABLE_DEBUG_INFO = YES;
				ONLY_ACTIVE_ARCH = YES;
				SDKROOT = iphoneos;
				SWIFT_OPTIMIZATION_LEVEL = "-Onone";
			};
			name = Debug;
		};
		F58553951B994951002DBF43 /* Release */ = {
			isa = XCBuildConfiguration;
			buildSettings = {
				ALWAYS_SEARCH_USER_PATHS = NO;
				CLANG_CXX_LANGUAGE_STANDARD = "gnu++0x";
				CLANG_CXX_LIBRARY = "libc++";
				CLANG_ENABLE_MODULES = YES;
				CLANG_ENABLE_OBJC_ARC = YES;
				CLANG_WARN_BOOL_CONVERSION = YES;
				CLANG_WARN_CONSTANT_CONVERSION = YES;
				CLANG_WARN_DIRECT_OBJC_ISA_USAGE = YES_ERROR;
				CLANG_WARN_EMPTY_BODY = YES;
				CLANG_WARN_ENUM_CONVERSION = YES;
				CLANG_WARN_INT_CONVERSION = YES;
				CLANG_WARN_OBJC_ROOT_CLASS = YES_ERROR;
				CLANG_WARN_UNREACHABLE_CODE = YES;
				CLANG_WARN__DUPLICATE_METHOD_MATCH = YES;
				"CODE_SIGN_IDENTITY[sdk=iphoneos*]" = "iPhone Developer";
				COPY_PHASE_STRIP = NO;
				DEBUG_INFORMATION_FORMAT = "dwarf-with-dsym";
				ENABLE_NS_ASSERTIONS = NO;
				ENABLE_STRICT_OBJC_MSGSEND = YES;
				GCC_C_LANGUAGE_STANDARD = gnu99;
				GCC_NO_COMMON_BLOCKS = YES;
				GCC_WARN_64_TO_32_BIT_CONVERSION = YES;
				GCC_WARN_ABOUT_RETURN_TYPE = YES_ERROR;
				GCC_WARN_UNDECLARED_SELECTOR = YES;
				GCC_WARN_UNINITIALIZED_AUTOS = YES_AGGRESSIVE;
				GCC_WARN_UNUSED_FUNCTION = YES;
				GCC_WARN_UNUSED_VARIABLE = YES;
				IPHONEOS_DEPLOYMENT_TARGET = 8.4;
				MTL_ENABLE_DEBUG_INFO = NO;
				SDKROOT = iphoneos;
				VALIDATE_PRODUCT = YES;
			};
			name = Release;
		};
		F58553971B994951002DBF43 /* Debug */ = {
			isa = XCBuildConfiguration;
			buildSettings = {
				ASSETCATALOG_COMPILER_APPICON_NAME = AppIcon;
				INFOPLIST_FILE = "Control Keyboard/Info.plist";
				LD_RUNPATH_SEARCH_PATHS = "$(inherited) @executable_path/Frameworks";
				PRODUCT_NAME = "$(TARGET_NAME)";
			};
			name = Debug;
		};
		F58553981B994951002DBF43 /* Release */ = {
			isa = XCBuildConfiguration;
			buildSettings = {
				ASSETCATALOG_COMPILER_APPICON_NAME = AppIcon;
				INFOPLIST_FILE = "Control Keyboard/Info.plist";
				LD_RUNPATH_SEARCH_PATHS = "$(inherited) @executable_path/Frameworks";
				PRODUCT_NAME = "$(TARGET_NAME)";
			};
			name = Release;
		};
		F585539A1B994951002DBF43 /* Debug */ = {
			isa = XCBuildConfiguration;
			buildSettings = {
				BUNDLE_LOADER = "$(TEST_HOST)";
				FRAMEWORK_SEARCH_PATHS = (
					"$(SDKROOT)/Developer/Library/Frameworks",
					"$(inherited)",
				);
				GCC_PREPROCESSOR_DEFINITIONS = (
					"DEBUG=1",
					"$(inherited)",
				);
				INFOPLIST_FILE = "Control KeyboardTests/Info.plist";
				LD_RUNPATH_SEARCH_PATHS = "$(inherited) @executable_path/Frameworks @loader_path/Frameworks";
				PRODUCT_NAME = "$(TARGET_NAME)";
				TEST_HOST = "$(BUILT_PRODUCTS_DIR)/Control Keyboard.app/Control Keyboard";
			};
			name = Debug;
		};
		F585539B1B994951002DBF43 /* Release */ = {
			isa = XCBuildConfiguration;
			buildSettings = {
				BUNDLE_LOADER = "$(TEST_HOST)";
				FRAMEWORK_SEARCH_PATHS = (
					"$(SDKROOT)/Developer/Library/Frameworks",
					"$(inherited)",
				);
				INFOPLIST_FILE = "Control KeyboardTests/Info.plist";
				LD_RUNPATH_SEARCH_PATHS = "$(inherited) @executable_path/Frameworks @loader_path/Frameworks";
				PRODUCT_NAME = "$(TARGET_NAME)";
				TEST_HOST = "$(BUILT_PRODUCTS_DIR)/Control Keyboard.app/Control Keyboard";
			};
			name = Release;
		};
/* End XCBuildConfiguration section */

/* Begin XCConfigurationList section */
		F58553721B994951002DBF43 /* Build configuration list for PBXProject "Control Keyboard" */ = {
			isa = XCConfigurationList;
			buildConfigurations = (
				F58553941B994951002DBF43 /* Debug */,
				F58553951B994951002DBF43 /* Release */,
			);
			defaultConfigurationIsVisible = 0;
			defaultConfigurationName = Release;
		};
		F58553961B994951002DBF43 /* Build configuration list for PBXNativeTarget "Control Keyboard" */ = {
			isa = XCConfigurationList;
			buildConfigurations = (
				F58553971B994951002DBF43 /* Debug */,
				F58553981B994951002DBF43 /* Release */,
			);
			defaultConfigurationIsVisible = 0;
			defaultConfigurationName = Release;
		};
		F58553991B994951002DBF43 /* Build configuration list for PBXNativeTarget "Control KeyboardTests" */ = {
			isa = XCConfigurationList;
			buildConfigurations = (
				F585539A1B994951002DBF43 /* Debug */,
				F585539B1B994951002DBF43 /* Release */,
			);
			defaultConfigurationIsVisible = 0;
			defaultConfigurationName = Release;
		};
/* End XCConfigurationList section */
	};
	rootObject = F585536F1B994951002DBF43 /* Project object */;
}
